Microsoft Visual Studio Solution File, Format Version 12.00
# Visual Studio Version 17
VisualStudioVersion = 17.10.35122.118
MinimumVisualStudioVersion = 10.0.40219.1
Project("{9A19103F-16F7-4668-BE54-9A1E7A4F7556}") = "Infrastructure", "Infrastructure\Infrastructure.csproj", "{307E9D4D-753C-4D42-AA75-98D9BA9ABA91}"
EndProject
Project("{9A19103F-16F7-4668-BE54-9A1E7A4F7556}") = "Runtime", "Runtime\Runtime.csproj", "{049A9272-C0FB-426A-A0C3-69C2325B2E76}"
	ProjectSection(ProjectDependencies) = postProject
		{307E9D4D-753C-4D42-AA75-98D9BA9ABA91} = {307E9D4D-753C-4D42-AA75-98D9BA9ABA91}
	EndProjectSection
EndProject
Project("{9A19103F-16F7-4668-BE54-9A1E7A4F7556}") = "BusinessDomain", "BusinessDomain\BusinessDomain.csproj", "{65299830-13A1-4D41-8A16-8B1C465E52E0}"
EndProject
Project("{9A19103F-16F7-4668-BE54-9A1E7A4F7556}") = "Presentation", "Presentation\Presentation.csproj", "{5EF09570-AF4F-4E2E-8E4B-3BD42126ABAB}"
EndProject
Global
	GlobalSection(SolutionConfigurationPlatforms) = preSolution
		Debug|Any CPU = Debug|Any CPU
		Release|Any CPU = Release|Any CPU
	EndGlobalSection
	GlobalSection(ProjectConfigurationPlatforms) = postSolution
		{307E9D4D-753C-4D42-AA75-98D9BA9ABA91}.Debug|Any CPU.ActiveCfg = Debug|Any CPU
		{307E9D4D-753C-4D42-AA75-98D9BA9ABA91}.Debug|Any CPU.Build.0 = Debug|Any CPU
		{307E9D4D-753C-4D42-AA75-98D9BA9ABA91}.Release|Any CPU.ActiveCfg = Release|Any CPU
		{307E9D4D-753C-4D42-AA75-98D9BA9ABA91}.Release|Any CPU.Build.0 = Release|Any CPU
		{049A9272-C0FB-426A-A0C3-69C2325B2E76}.Debug|Any CPU.ActiveCfg = Debug|Any CPU
		{049A9272-C0FB-426A-A0C3-69C2325B2E76}.Debug|Any CPU.Build.0 = Debug|Any CPU
		{049A9272-C0FB-426A-A0C3-69C2325B2E76}.Release|Any CPU.ActiveCfg = Release|Any CPU
		{049A9272-C0FB-426A-A0C3-69C2325B2E76}.Release|Any CPU.Build.0 = Release|Any CPU
		{65299830-13A1-4D41-8A16-8B1C465E52E0}.Debug|Any CPU.ActiveCfg = Debug|Any CPU
		{65299830-13A1-4D41-8A16-8B1C465E52E0}.Debug|Any CPU.Build.0 = Debug|Any CPU
		{65299830-13A1-4D41-8A16-8B1C465E52E0}.Release|Any CPU.ActiveCfg = Release|Any CPU
		{65299830-13A1-4D41-8A16-8B1C465E52E0}.Release|Any CPU.Build.0 = Release|Any CPU
		{5EF09570-AF4F-4E2E-8E4B-3BD42126ABAB}.Debug|Any CPU.ActiveCfg = Debug|Any CPU
		{5EF09570-AF4F-4E2E-8E4B-3BD42126ABAB}.Debug|Any CPU.Build.0 = Debug|Any CPU
		{5EF09570-AF4F-4E2E-8E4B-3BD42126ABAB}.Release|Any CPU.ActiveCfg = Release|Any CPU
		{5EF09570-AF4F-4E2E-8E4B-3BD42126ABAB}.Release|Any CPU.Build.0 = Release|Any CPU
	EndGlobalSection
	GlobalSection(SolutionProperties) = preSolution
		HideSolutionNode = FALSE
	EndGlobalSection
	GlobalSection(ExtensibilityGlobals) = postSolution
		SolutionGuid = {E7F5057F-38FD-4524-8BB0-70204C778A43}
	EndGlobalSection
EndGlobal
